
Microsoft Visual Studio Solution File, Format Version 12.00
# Visual Studio Version 17
VisualStudioVersion = 17.9.34728.123
MinimumVisualStudioVersion = 10.0.40219.1
Project("{9A19103F-16F7-4668-BE54-9A1E7A4F7556}") = "Dijo.API", "Dijo\Dijo.API.csproj", "{269901B3-7F00-4EB8-9BE7-99DA181187F5}"
EndProject
Global
	GlobalSection(SolutionConfigurationPlatforms) = preSolution
		Debug|Any CPU = Debug|Any CPU
		Release|Any CPU = Release|Any CPU
	EndGlobalSection
	GlobalSection(ProjectConfigurationPlatforms) = postSolution
		{269901B3-7F00-4EB8-9BE7-99DA181187F5}.Debug|Any CPU.ActiveCfg = Debug|Any CPU
		{269901B3-7F00-4EB8-9BE7-99DA181187F5}.Debug|Any CPU.Build.0 = Debug|Any CPU
		{269901B3-7F00-4EB8-9BE7-99DA181187F5}.Release|Any CPU.ActiveCfg = Release|Any CPU
		{269901B3-7F00-4EB8-9BE7-99DA181187F5}.Release|Any CPU.Build.0 = Release|Any CPU
	EndGlobalSection
	GlobalSection(SolutionProperties) = preSolution
		HideSolutionNode = FALSE
	EndGlobalSection
	GlobalSection(ExtensibilityGlobals) = postSolution
		SolutionGuid = {4CB6914E-FE1B-4929-B04C-CB839F0FBB5B}
	EndGlobalSection
EndGlobal
